
Microsoft Visual Studio Solution File, Format Version 12.00
# Visual Studio Version 17
VisualStudioVersion = 17.14.36915.13 d17.14
MinimumVisualStudioVersion = 10.0.40219.1
Project("{FAE04EC0-301F-11D3-BF4B-00C04F79EFBC}") = "LearnFork", "LearnFork\LearnFork.csproj", "{85A20C28-566B-4944-AAF1-14F9B18649A5}"
EndProject
Global
	GlobalSection(SolutionConfigurationPlatforms) = preSolution
		Debug|Any CPU = Debug|Any CPU
		Release|Any CPU = Release|Any CPU
	EndGlobalSection
	GlobalSection(ProjectConfigurationPlatforms) = postSolution
		{85A20C28-566B-4944-AAF1-14F9B18649A5}.Debug|Any CPU.ActiveCfg = Debug|Any CPU
		{85A20C28-566B-4944-AAF1-14F9B18649A5}.Debug|Any CPU.Build.0 = Debug|Any CPU
		{85A20C28-566B-4944-AAF1-14F9B18649A5}.Release|Any CPU.ActiveCfg = Release|Any CPU
		{85A20C28-566B-4944-AAF1-14F9B18649A5}.Release|Any CPU.Build.0 = Release|Any CPU
	EndGlobalSection
	GlobalSection(SolutionProperties) = preSolution
		HideSolutionNode = FALSE
	EndGlobalSection
	GlobalSection(ExtensibilityGlobals) = postSolution
		SolutionGuid = {05272FFB-9A49-48BF-97D0-ADAB8B26D738}
	EndGlobalSection
EndGlobal
